
Microsoft Visual Studio Solution File, Format Version 12.00
# Visual Studio Version 17
VisualStudioVersion = 17.5.33424.131
MinimumVisualStudioVersion = 10.0.40219.1
Project("{2150E333-8FDC-42A3-9474-1A3956D46DE8}") = "sln", "sln", "{260D83A8-852E-4F64-BD3D-624268E5EA15}"
EndProject
Project("{9A19103F-16F7-4668-BE54-9A1E7A4F7556}") = "TECBank.Backend.API", "src\TECBank.Backend.API\TECBank.Backend.API.csproj", "{52067820-A329-4B40-BD2A-C34C7E1379DE}"
EndProject
Project("{FAE04EC0-301F-11D3-BF4B-00C04F79EFBC}") = "TECBank.Backend.Domain", "src\TECBank.Backend.Domain\TECBank.Backend.Domain.csproj", "{B4BAF3AC-A82E-46D7-A396-CCAFA9C2FC1C}"
EndProject
Global
	GlobalSection(SolutionConfigurationPlatforms) = preSolution
		Debug|Any CPU = Debug|Any CPU
		Release|Any CPU = Release|Any CPU
	EndGlobalSection
	GlobalSection(ProjectConfigurationPlatforms) = postSolution
		{52067820-A329-4B40-BD2A-C34C7E1379DE}.Debug|Any CPU.ActiveCfg = Debug|Any CPU
		{52067820-A329-4B40-BD2A-C34C7E1379DE}.Debug|Any CPU.Build.0 = Debug|Any CPU
		{52067820-A329-4B40-BD2A-C34C7E1379DE}.Release|Any CPU.ActiveCfg = Release|Any CPU
		{52067820-A329-4B40-BD2A-C34C7E1379DE}.Release|Any CPU.Build.0 = Release|Any CPU
		{B4BAF3AC-A82E-46D7-A396-CCAFA9C2FC1C}.Debug|Any CPU.ActiveCfg = Debug|Any CPU
		{B4BAF3AC-A82E-46D7-A396-CCAFA9C2FC1C}.Debug|Any CPU.Build.0 = Debug|Any CPU
		{B4BAF3AC-A82E-46D7-A396-CCAFA9C2FC1C}.Release|Any CPU.ActiveCfg = Release|Any CPU
		{B4BAF3AC-A82E-46D7-A396-CCAFA9C2FC1C}.Release|Any CPU.Build.0 = Release|Any CPU
	EndGlobalSection
	GlobalSection(SolutionProperties) = preSolution
		HideSolutionNode = FALSE
	EndGlobalSection
	GlobalSection(NestedProjects) = preSolution
		{52067820-A329-4B40-BD2A-C34C7E1379DE} = {260D83A8-852E-4F64-BD3D-624268E5EA15}
		{B4BAF3AC-A82E-46D7-A396-CCAFA9C2FC1C} = {260D83A8-852E-4F64-BD3D-624268E5EA15}
	EndGlobalSection
	GlobalSection(ExtensibilityGlobals) = postSolution
		SolutionGuid = {A2554199-0752-43BE-80D8-A37F45E13628}
	EndGlobalSection
EndGlobal
